
Microsoft Visual Studio Solution File, Format Version 10.00
# Visual Studio 2008
Project("{8BC9CEB8-8B4A-11D0-8D11-00A0C91BC942}") = "1_7", "1_7\1_7.vcproj", "{4F2D62AE-D86B-4C7F-8509-2CB5DC7F1CC5}"
EndProject
Global
	GlobalSection(SolutionConfigurationPlatforms) = preSolution
		Debug|Win32 = Debug|Win32
		Release|Win32 = Release|Win32
	EndGlobalSection
	GlobalSection(ProjectConfigurationPlatforms) = postSolution
		{4F2D62AE-D86B-4C7F-8509-2CB5DC7F1CC5}.Debug|Win32.ActiveCfg = Debug|Win32
		{4F2D62AE-D86B-4C7F-8509-2CB5DC7F1CC5}.Debug|Win32.Build.0 = Debug|Win32
		{4F2D62AE-D86B-4C7F-8509-2CB5DC7F1CC5}.Release|Win32.ActiveCfg = Release|Win32
		{4F2D62AE-D86B-4C7F-8509-2CB5DC7F1CC5}.Release|Win32.Build.0 = Release|Win32
	EndGlobalSection
	GlobalSection(SolutionProperties) = preSolution
		HideSolutionNode = FALSE
	EndGlobalSection
EndGlobal
